<?xml version="1.0" encoding="utf-8"?>
<Project ToolsVersion="4.0" xmlns="http://schemas.microsoft.com/developer/msbuild/2003">
  <ItemGroup>
    <Filter Include="Source Files">
      <UniqueIdentifier>{4FC737F1-C7A5-4376-A066-2A32D752A2FF}</UniqueIdentifier>
      <Extensions>cpp;c;cc;cxx;c++;cppm;ixx;def;odl;idl;hpj;bat;asm;asmx</Extensions>
    </Filter>
    <Filter Include="Header Files">
      <UniqueIdentifier>{93995380-89BD-4b04-88EB-625FBE52EBFB}</UniqueIdentifier>
      <Extensions>h;hh;hpp;hxx;h++;hm;inl;inc;ipp;xsd</Extensions>
    </Filter>
    <Filter Include="Resource Files">
      <UniqueIdentifier>{67DA6AB6-F800-4c08-8B7A-83BB121AAD01}</UniqueIdentifier>
      <Extensions>rc;ico;cur;bmp;dlg;rc2;rct;bin;rgs;gif;jpg;jpeg;jpe;resx;tiff;tif;png;wav;mfcribbon-ms</Extensions>
    </Filter>
    <Filter Include="Source Files\Lab 05">
      <UniqueIdentifier>{cb492ace-5a4b-4777-b0bd-b89596e6d1c1}</UniqueIdentifier>
    </Filter>
    <Filter Include="Source Files\Lab 06">
      <UniqueIdentifier>{7a1c772d-ac81-408c-9216-75b131258054}</UniqueIdentifier>
    </Filter>
    <Filter Include="Source Files\Lab 07">
      <UniqueIdentifier>{b447471e-5495-45c3-95dd-7e9257ec60d6}</UniqueIdentifier>
    </Filter>
    <Filter Include="Source Files\Lab 8">
      <UniqueIdentifier>{31ca1b28-f614-426a-b7ac-31e0c5f51b70}</UniqueIdentifier>
    </Filter>
    <Filter Include="Source Files\Lab 9">
      <UniqueIdentifier>{221fef22-7a63-41cb-8c3d-44366cf168bd}</UniqueIdentifier>
    </Filter>
    <Filter Include="Source Files\Lab 10">
      <UniqueIdentifier>{c57e5961-17b3-4ea1-9bef-7f971fb2b1e2}</UniqueIdentifier>
    </Filter>
    <Filter Include="Source Files\Lab 11">
      <UniqueIdentifier>{5a134a8e-2a56-430a-a3b1-c0cdfa227f8c}</UniqueIdentifier>
    </Filter>
  </ItemGroup>
  <ItemGroup>
    <ClCompile Include="Lab 05.cpp">
      <Filter>Source Files\Lab 05</Filter>
    </ClCompile>
    <ClCompile Include="lab 06.cpp">
      <Filter>Source Files\Lab 06</Filter>
    </ClCompile>
    <ClCompile Include="inito.cpp">
      <Filter>Source Files\Lab 07</Filter>
    </ClCompile>
    <ClCompile Include="L7main.cpp">
      <Filter>Source Files\Lab 07</Filter>
    </ClCompile>
    <ClCompile Include="lab8.cpp">
      <Filter>Source Files\Lab 8</Filter>
    </ClCompile>
    <ClCompile Include="lab8_main.cpp">
      <Filter>Source Files\Lab 8</Filter>
    </ClCompile>
    <ClCompile Include="modifyString.cpp">
      <Filter>Source Files\Lab 9</Filter>
    </ClCompile>
    <ClCompile Include="Bool.cpp">
      <Filter>Source Files\Lab 10</Filter>
    </ClCompile>
    <ClCompile Include="Chars.cpp">
      <Filter>Source Files\Lab 11</Filter>
    </ClCompile>
  </ItemGroup>
  <ItemGroup>
    <ClInclude Include="intio.hpp">
      <Filter>Source Files\Lab 07</Filter>
    </ClInclude>
    <ClInclude Include="lab8.hpp">
      <Filter>Source Files\Lab 8</Filter>
    </ClInclude>
    <ClInclude Include="modifyString.hpp">
      <Filter>Source Files\Lab 9</Filter>
    </ClInclude>
    <ClInclude Include="Bool.hpp">
      <Filter>Source Files\Lab 10</Filter>
    </ClInclude>
  </ItemGroup>
</Project>