<?xml version="1.0" encoding="utf-8"?>
<Project ToolsVersion="4.0" xmlns="http://schemas.microsoft.com/developer/msbuild/2003">
  <ItemGroup>
    <Filter Include="Source Files">
      <UniqueIdentifier>{4FC737F1-C7A5-4376-A066-2A32D752A2FF}</UniqueIdentifier>
      <Extensions>cpp;c;cc;cxx;c++;cppm;ixx;def;odl;idl;hpj;bat;asm;asmx</Extensions>
    </Filter>
    <Filter Include="Header Files">
      <UniqueIdentifier>{93995380-89BD-4b04-88EB-625FBE52EBFB}</UniqueIdentifier>
      <Extensions>h;hh;hpp;hxx;h++;hm;inl;inc;ipp;xsd</Extensions>
    </Filter>
    <Filter Include="Resource Files">
      <UniqueIdentifier>{67DA6AB6-F800-4c08-8B7A-83BB121AAD01}</UniqueIdentifier>
      <Extensions>rc;ico;cur;bmp;dlg;rc2;rct;bin;rgs;gif;jpg;jpeg;jpe;resx;tiff;tif;png;wav;mfcribbon-ms</Extensions>
    </Filter>
    <Filter Include="Source Files\Lab 05">
      <UniqueIdentifier>{cb492ace-5a4b-4777-b0bd-b89596e6d1c1}</UniqueIdentifier>
    </Filter>
    <Filter Include="Source Files\Lab 06">
      <UniqueIdentifier>{7a1c772d-ac81-408c-9216-75b131258054}</UniqueIdentifier>
    </Filter>
    <Filter Include="Source Files\Lab 07">
      <UniqueIdentifier>{b447471e-5495-45c3-95dd-7e9257ec60d6}</UniqueIdentifier>
    </Filter>
    <Filter Include="Source Files\Lab 8">
      <UniqueIdentifier>{31ca1b28-f614-426a-b7ac-31e0c5f51b70}</UniqueIdentifier>
    </Filter>
    <Filter Include="Source Files\Lab 9">
      <UniqueIdentifier>{221fef22-7a63-41cb-8c3d-44366cf168bd}</UniqueIdentifier>
    </Filter>
    <Filter Include="Source Files\Lab 10">
      <UniqueIdentifier>{c57e5961-17b3-4ea1-9bef-7f971fb2b1e2}</UniqueIdentifier>
    </Filter>
    <Filter Include="Source Files\Lab 11">
      <UniqueIdentifier>{5a134a8e-2a56-430a-a3b1-c0cdfa227f8c}</UniqueIdentifier>
    </Filter>
    <Filter Include="Source Files\Lab 12">
      <UniqueIdentifier>{4bfbc795-8fbd-4cd9-bf7e-d543e504fc7f}</UniqueIdentifier>
    </Filter>
    <Filter Include="Source Files\Lab 13">
      <UniqueIdentifier>{50f522e8-f572-448f-b1a9-124b1b2d953d}</UniqueIdentifier>
    </Filter>
    <Filter Include="Source Files\Lab 14">
      <UniqueIdentifier>{cf9b0a6c-3be6-4a30-8243-eff3ea0c7a6c}</UniqueIdentifier>
    </Filter>
    <Filter Include="Source Files\Lab 15">
      <UniqueIdentifier>{f66dd9ad-b717-4ed5-a68f-c7d670b20a48}</UniqueIdentifier>
    </Filter>
    <Filter Include="Source Files\Lab 16">
      <UniqueIdentifier>{90276e64-ce54-47d1-bf1a-f73beb7f4468}</UniqueIdentifier>
    </Filter>
    <Filter Include="Source Files\Lab 17">
      <UniqueIdentifier>{3638230f-c07b-4fff-a0b0-7d04f25ca0fa}</UniqueIdentifier>
    </Filter>
    <Filter Include="Source Files\Lab 18">
      <UniqueIdentifier>{2e18c985-3e18-4b4a-b1a0-5c1d4b436627}</UniqueIdentifier>
    </Filter>
    <Filter Include="Source Files\Lab 19">
      <UniqueIdentifier>{b401a6e4-a769-484a-a1d4-9d8334ca4c22}</UniqueIdentifier>
    </Filter>
    <Filter Include="Source Files\Lab 20">
      <UniqueIdentifier>{7b2ace87-794a-447d-b10c-24361d5761a2}</UniqueIdentifier>
    </Filter>
    <Filter Include="Source Files\Lab 21">
      <UniqueIdentifier>{c200e701-80b6-4b8b-9cbc-c9c0645ed437}</UniqueIdentifier>
    </Filter>
    <Filter Include="Source Files\Lab 22">
      <UniqueIdentifier>{c48b8d06-7069-4058-b936-c582b4c8e643}</UniqueIdentifier>
    </Filter>
    <Filter Include="Source Files\Lab 23">
      <UniqueIdentifier>{e456f92e-76c7-47d4-a44e-96e781e0dd5a}</UniqueIdentifier>
    </Filter>
    <Filter Include="Source Files\Lab 24">
      <UniqueIdentifier>{9eb1b56d-3b5b-4692-a70a-9d1a9a9a5c68}</UniqueIdentifier>
    </Filter>
    <Filter Include="Source Files\Lab 25">
      <UniqueIdentifier>{20ecb978-5e5a-4820-aba9-88dd4a148340}</UniqueIdentifier>
    </Filter>
    <Filter Include="Source Files\Lab 26">
      <UniqueIdentifier>{ed05cb93-b19e-45c2-a141-488677b85c0c}</UniqueIdentifier>
    </Filter>
    <Filter Include="Source Files\Lab 27">
      <UniqueIdentifier>{3efdd5ee-d948-4b19-b74a-257292ae4cae}</UniqueIdentifier>
    </Filter>
    <Filter Include="Source Files\Lab 29">
      <UniqueIdentifier>{df149a8d-b143-47d7-a1c4-0b07341449d2}</UniqueIdentifier>
    </Filter>
    <Filter Include="Source Files\Lab 28">
      <UniqueIdentifier>{599b45e7-0f93-417e-afd1-a7f7d401634f}</UniqueIdentifier>
    </Filter>
    <Filter Include="Source Files\Lab 30">
      <UniqueIdentifier>{22033c16-bd5b-43ad-b92e-6802a61cced1}</UniqueIdentifier>
    </Filter>
  </ItemGroup>
  <ItemGroup>
    <ClCompile Include="Lab 05.cpp">
      <Filter>Source Files\Lab 05</Filter>
    </ClCompile>
    <ClCompile Include="lab 06.cpp">
      <Filter>Source Files\Lab 06</Filter>
    </ClCompile>
    <ClCompile Include="inito.cpp">
      <Filter>Source Files\Lab 07</Filter>
    </ClCompile>
    <ClCompile Include="L7main.cpp">
      <Filter>Source Files\Lab 07</Filter>
    </ClCompile>
    <ClCompile Include="lab8.cpp">
      <Filter>Source Files\Lab 8</Filter>
    </ClCompile>
    <ClCompile Include="lab8_main.cpp">
      <Filter>Source Files\Lab 8</Filter>
    </ClCompile>
    <ClCompile Include="modifyString.cpp">
      <Filter>Source Files\Lab 9</Filter>
    </ClCompile>
    <ClCompile Include="Bool.cpp">
      <Filter>Source Files\Lab 10</Filter>
    </ClCompile>
    <ClCompile Include="Chars.cpp">
      <Filter>Source Files\Lab 11</Filter>
    </ClCompile>
    <ClCompile Include="userInputMain.cpp">
      <Filter>Source Files\Lab 12</Filter>
    </ClCompile>
    <ClCompile Include="UserInput.cpp">
      <Filter>Source Files\Lab 12</Filter>
    </ClCompile>
    <ClCompile Include="vector_mainip.cpp">
      <Filter>Source Files\Lab 13</Filter>
    </ClCompile>
    <ClCompile Include="vector_mainip_main.cpp">
      <Filter>Source Files\Lab 13</Filter>
    </ClCompile>
    <ClCompile Include="triangle.cpp">
      <Filter>Source Files\Lab 14</Filter>
    </ClCompile>
    <ClCompile Include="Str_source.cpp">
      <Filter>Source Files\Lab 15</Filter>
    </ClCompile>
    <ClCompile Include="Str_source_main.cpp">
      <Filter>Source Files\Lab 15</Filter>
    </ClCompile>
    <ClCompile Include="lookup.cpp">
      <Filter>Source Files\Lab 16</Filter>
    </ClCompile>
    <ClCompile Include="search_compare.cpp">
      <Filter>Source Files\Lab 17</Filter>
    </ClCompile>
    <ClCompile Include="insertion_sort.cpp">
      <Filter>Source Files\Lab 18</Filter>
    </ClCompile>
    <ClCompile Include="insertion_sort_main.cpp">
      <Filter>Source Files\Lab 18</Filter>
    </ClCompile>
    <ClCompile Include="floating_point_main.cpp">
      <Filter>Source Files\Lab 19</Filter>
    </ClCompile>
    <ClCompile Include="floating_point.cpp">
      <Filter>Source Files\Lab 19</Filter>
    </ClCompile>
    <ClCompile Include="print_cos.cpp">
      <Filter>Source Files\Lab 20</Filter>
    </ClCompile>
    <ClCompile Include="truncstruct.cpp">
      <Filter>Source Files\Lab 21</Filter>
    </ClCompile>
    <ClCompile Include="truncstruct_main.cpp">
      <Filter>Source Files\Lab 21</Filter>
    </ClCompile>
    <ClCompile Include="lookup2.cpp">
      <Filter>Source Files\Lab 22</Filter>
    </ClCompile>
    <ClCompile Include="map.cpp">
      <Filter>Source Files\Lab 23</Filter>
    </ClCompile>
    <ClCompile Include="STL.cpp">
      <Filter>Source Files\Lab 24</Filter>
    </ClCompile>
    <ClCompile Include="Lab25.cpp">
      <Filter>Source Files\Lab 25</Filter>
    </ClCompile>
    <ClCompile Include="lambdas_main.cpp">
      <Filter>Source Files\Lab 26</Filter>
    </ClCompile>
    <ClCompile Include="lambdas.cpp">
      <Filter>Source Files\Lab 26</Filter>
    </ClCompile>
    <ClCompile Include="rng.cpp">
      <Filter>Source Files\Lab 27</Filter>
    </ClCompile>
    <ClCompile Include="text.cpp">
      <Filter>Source Files\Lab 28</Filter>
    </ClCompile>
    <ClCompile Include="readfile.cpp">
      <Filter>Source Files\Lab 29</Filter>
    </ClCompile>
    <ClCompile Include="pointers.cpp">
      <Filter>Source Files\Lab 30</Filter>
    </ClCompile>
  </ItemGroup>
  <ItemGroup>
    <ClInclude Include="intio.hpp">
      <Filter>Source Files\Lab 07</Filter>
    </ClInclude>
    <ClInclude Include="lab8.hpp">
      <Filter>Source Files\Lab 8</Filter>
    </ClInclude>
    <ClInclude Include="modifyString.hpp">
      <Filter>Source Files\Lab 9</Filter>
    </ClInclude>
    <ClInclude Include="Bool.hpp">
      <Filter>Source Files\Lab 10</Filter>
    </ClInclude>
    <ClInclude Include="userInput.hpp">
      <Filter>Source Files\Lab 12</Filter>
    </ClInclude>
    <ClInclude Include="vector_mainip.hpp">
      <Filter>Source Files\Lab 13</Filter>
    </ClInclude>
    <ClInclude Include="triangle.hpp">
      <Filter>Source Files\Lab 14</Filter>
    </ClInclude>
    <ClInclude Include="Str_source.hpp">
      <Filter>Source Files\Lab 15</Filter>
    </ClInclude>
    <ClInclude Include="insertion_sort.hpp">
      <Filter>Source Files\Lab 18</Filter>
    </ClInclude>
    <ClInclude Include="floating_point.hpp">
      <Filter>Source Files\Lab 19</Filter>
    </ClInclude>
    <ClInclude Include="truncstruct.hpp">
      <Filter>Source Files\Lab 21</Filter>
    </ClInclude>
    <ClInclude Include="lambdas.hpp">
      <Filter>Source Files\Lab 26</Filter>
    </ClInclude>
  </ItemGroup>
</Project>